{
    "name": "@cloud-technology/install-handler",
    "version": "0.1.84",
    "lockfileVersion": 2,
    "requires": true,
    "packages": {
        "": {
            "name": "@cloud-technology/install-handler",
            "version": "0.1.84",
            "license": "BSD-3-Clause"
        }
    }
}
