{
    "name": "@cloud-technology/schema-cli",
    "version": "0.1.71",
    "lockfileVersion": 2,
    "requires": true,
    "packages": {
        "": {
            "name": "@cloud-technology/schema-cli",
            "version": "0.1.71",
            "dependencies": {
                "@cloud-technology/package": "./../cloud-vault-package",
                "ajv": "^8.8.2"
            },
            "devDependencies": {
                "@types/node": "^16.11.11"
            }
        },
        "../cloud-vault-package": {
            "name": "@cloud-technology/package",
            "version": "0.1.71",
            "hasInstallScript": true,
            "dependencies": {
                "ajv": "^8.8.2"
            },
            "devDependencies": {
                "@types/node": "^16.11.11"
            }
        },
        "node_modules/@cloud-technology/package": {
            "resolved": "../cloud-vault-package",
            "link": true
        },
        "node_modules/@types/node": {
            "version": "16.11.12",
            "resolved": "https://registry.npmjs.org/@types/node/-/node-16.11.12.tgz",
            "integrity": "sha512-+2Iggwg7PxoO5Kyhvsq9VarmPbIelXP070HMImEpbtGCoyWNINQj4wzjbQCXzdHTRXnqufutJb5KAURZANNBAw==",
            "dev": true
        },
        "node_modules/ajv": {
            "version": "8.8.2",
            "license": "MIT",
            "dependencies": {
                "fast-deep-equal": "^3.1.1",
                "json-schema-traverse": "^1.0.0",
                "require-from-string": "^2.0.2",
                "uri-js": "^4.2.2"
            },
            "funding": {
                "type": "github",
                "url": "https://github.com/sponsors/epoberezkin"
            }
        },
        "node_modules/json-schema-traverse": {
            "version": "1.0.0",
            "license": "MIT"
        }
    },
    "dependencies": {
        "@cloud-technology/package": {
            "version": "file:../cloud-vault-package",
            "requires": {
                "@types/node": "^16.11.11",
                "ajv": "^8.8.2"
            }
        },
        "@types/node": {
            "version": "16.11.12",
            "resolved": "https://registry.npmjs.org/@types/node/-/node-16.11.12.tgz",
            "integrity": "sha512-+2Iggwg7PxoO5Kyhvsq9VarmPbIelXP070HMImEpbtGCoyWNINQj4wzjbQCXzdHTRXnqufutJb5KAURZANNBAw==",
            "dev": true
        },
        "ajv": {
            "version": "8.8.2",
            "requires": {
                "fast-deep-equal": "^3.1.1",
                "json-schema-traverse": "^1.0.0",
                "require-from-string": "^2.0.2",
                "uri-js": "^4.2.2"
            }
        },
        "json-schema-traverse": {
            "version": "1.0.0"
        }
    }
}
