{
  "name": "example-cli-prompt",
  "version": "1.0.0",
  "lockfileVersion": 2,
  "requires": true,
  "packages": {
    "": {
      "name": "example-cli-prompt",
      "version": "1.0.0",
      "license": "ISC",
      "dependencies": {
        "@cloud-technology/cli-prompt": "^0.0.3"
      }
    },
    "node_modules/@cloud-technology/cli-prompt": {
      "version": "0.0.3",
      "resolved": "https://registry.npmjs.org/@cloud-technology/cli-prompt/-/cli-prompt-0.0.3.tgz",
      "integrity": "sha512-ZksRUCTiDyq6ye9lzGkk3EYUsdzRmGSo0VN8BsK3WNWQj0LLPo5dvmsY1Z8Z3B5seEGHAAGu/ivoYBlvEXPVEQ==",
      "engines": {
        "node": "^16.x"
      }
    }
  },
  "dependencies": {
    "@cloud-technology/cli-prompt": {
      "version": "0.0.3",
      "resolved": "https://registry.npmjs.org/@cloud-technology/cli-prompt/-/cli-prompt-0.0.3.tgz",
      "integrity": "sha512-ZksRUCTiDyq6ye9lzGkk3EYUsdzRmGSo0VN8BsK3WNWQj0LLPo5dvmsY1Z8Z3B5seEGHAAGu/ivoYBlvEXPVEQ=="
    }
  }
}
