{
    "name": "template",
    "lockfileVersion": 2,
    "requires": true,
    "packages": {
        "": {
            "hasInstallScript": true
        },
        "packages/administration": {
            "name": "@cloud-vault/administration",
            "version": "0.1.76",
            "extraneous": true,
            "dependencies": {
                "@aws-sdk/client-dynamodb": "^3.41.0",
                "@aws-sdk/client-secrets-manager": "^3.41.0",
                "@aws-sdk/node-http-handler": "^3.40.0"
            },
            "devDependencies": {
                "@aws-sdk/types": "latest",
                "@types/aws-lambda": "latest",
                "@types/node": "latest"
            }
        },
        "packages/example-1": {
            "extraneous": true
        }
    }
}
